
Microsoft Visual Studio Solution File, Format Version 12.00
Project("{FAE04EC0-301F-11D3-BF4B-00C04F79EFBC}") = "CalendarINKA", "CalendarINKA\CalendarINKA.csproj", "{07F188AD-23F0-4617-BE66-889F41B2EA51}"
EndProject
Global
	GlobalSection(SolutionConfigurationPlatforms) = preSolution
		Debug|Any CPU = Debug|Any CPU
		Release|Any CPU = Release|Any CPU
	EndGlobalSection
	GlobalSection(ProjectConfigurationPlatforms) = postSolution
		{07F188AD-23F0-4617-BE66-889F41B2EA51}.Debug|Any CPU.ActiveCfg = Debug|Any CPU
		{07F188AD-23F0-4617-BE66-889F41B2EA51}.Debug|Any CPU.Build.0 = Debug|Any CPU
		{07F188AD-23F0-4617-BE66-889F41B2EA51}.Release|Any CPU.ActiveCfg = Release|Any CPU
		{07F188AD-23F0-4617-BE66-889F41B2EA51}.Release|Any CPU.Build.0 = Release|Any CPU
	EndGlobalSection
EndGlobal
